
Microsoft Visual Studio Solution File, Format Version 12.00
# Visual Studio Version 17
VisualStudioVersion = 17.4.33122.133
MinimumVisualStudioVersion = 10.0.40219.1
Project("{FAE04EC0-301F-11D3-BF4B-00C04F79EFBC}") = "ArrayProgramsNew", "ArrayProgramsNew\ArrayProgramsNew.csproj", "{547EDC89-0AF9-4DF4-BA1D-CE6EFDB2B0CF}"
EndProject
Global
	GlobalSection(SolutionConfigurationPlatforms) = preSolution
		Debug|Any CPU = Debug|Any CPU
		Release|Any CPU = Release|Any CPU
	EndGlobalSection
	GlobalSection(ProjectConfigurationPlatforms) = postSolution
		{547EDC89-0AF9-4DF4-BA1D-CE6EFDB2B0CF}.Debug|Any CPU.ActiveCfg = Debug|Any CPU
		{547EDC89-0AF9-4DF4-BA1D-CE6EFDB2B0CF}.Debug|Any CPU.Build.0 = Debug|Any CPU
		{547EDC89-0AF9-4DF4-BA1D-CE6EFDB2B0CF}.Release|Any CPU.ActiveCfg = Release|Any CPU
		{547EDC89-0AF9-4DF4-BA1D-CE6EFDB2B0CF}.Release|Any CPU.Build.0 = Release|Any CPU
	EndGlobalSection
	GlobalSection(SolutionProperties) = preSolution
		HideSolutionNode = FALSE
	EndGlobalSection
	GlobalSection(ExtensibilityGlobals) = postSolution
		SolutionGuid = {F6407C48-D072-46CF-ABF1-556A95D608E7}
	EndGlobalSection
EndGlobal
